
Microsoft Visual Studio Solution File, Format Version 12.00
# Visual Studio 15
VisualStudioVersion = 15.0.28307.757
MinimumVisualStudioVersion = 10.0.40219.1
Project("{FAE04EC0-301F-11D3-BF4B-00C04F79EFBC}") = "mytestdemo", "mytestdemo\mytestdemo.csproj", "{A6F39E84-46C4-44D5-AAE6-2630A340E685}"
EndProject
Global
	GlobalSection(SolutionConfigurationPlatforms) = preSolution
		Debug|Any CPU = Debug|Any CPU
		Release|Any CPU = Release|Any CPU
	EndGlobalSection
	GlobalSection(ProjectConfigurationPlatforms) = postSolution
		{A6F39E84-46C4-44D5-AAE6-2630A340E685}.Debug|Any CPU.ActiveCfg = Debug|Any CPU
		{A6F39E84-46C4-44D5-AAE6-2630A340E685}.Debug|Any CPU.Build.0 = Debug|Any CPU
		{A6F39E84-46C4-44D5-AAE6-2630A340E685}.Release|Any CPU.ActiveCfg = Release|Any CPU
		{A6F39E84-46C4-44D5-AAE6-2630A340E685}.Release|Any CPU.Build.0 = Release|Any CPU
	EndGlobalSection
	GlobalSection(SolutionProperties) = preSolution
		HideSolutionNode = FALSE
	EndGlobalSection
	GlobalSection(ExtensibilityGlobals) = postSolution
		SolutionGuid = {AAE0D853-1527-4787-8846-3EBC46F69341}
	EndGlobalSection
EndGlobal
